
Microsoft Visual Studio Solution File, Format Version 12.00
# Visual Studio 2012
Project("{8BC9CEB8-8B4A-11D0-8D11-00A0C91BC942}") = "Project1", "Project1\Project1.vcxproj", "{F3F29475-C9C7-4300-B639-12D1D57D68E2}"
EndProject
Global
	GlobalSection(SolutionConfigurationPlatforms) = preSolution
		Debug|Win32 = Debug|Win32
		Release|Win32 = Release|Win32
	EndGlobalSection
	GlobalSection(ProjectConfigurationPlatforms) = postSolution
		{F3F29475-C9C7-4300-B639-12D1D57D68E2}.Debug|Win32.ActiveCfg = Debug|Win32
		{F3F29475-C9C7-4300-B639-12D1D57D68E2}.Debug|Win32.Build.0 = Debug|Win32
		{F3F29475-C9C7-4300-B639-12D1D57D68E2}.Release|Win32.ActiveCfg = Release|Win32
		{F3F29475-C9C7-4300-B639-12D1D57D68E2}.Release|Win32.Build.0 = Release|Win32
	EndGlobalSection
	GlobalSection(SolutionProperties) = preSolution
		HideSolutionNode = FALSE
	EndGlobalSection
EndGlobal
